{
  "name": "moda",
  "version": "1.0.2",
  "lockfileVersion": 3,
  "requires": true,
  "packages": {
    "": {
      "name": "moda",
      "version": "1.0.2",
      "license": "ISC",
      "dependencies": {
        "modb": "file:../modB"
      }
    },
    "../modB": {
      "version": "1.0.0",
      "license": "ISC"
    },
    "node_modules/modb": {
      "resolved": "../modB",
      "link": true
    }
  }
}
